// !$*UTF8*$!
{
	archiveVersion = 1;
	classes = {
	};
	objectVersion = 46;
	objects = {

/* Begin PBXBuildFile section */
		2708E4B21E45B2DC00B34944 /* ZNKPlayerTests.m in Sources */ = {isa = PBXBuildFile; fileRef = 2708E4B11E45B2DC00B34944 /* ZNKPlayerTests.m */; };
		2708E4BD1E45B2DC00B34944 /* ZNKPlayerUITests.m in Sources */ = {isa = PBXBuildFile; fileRef = 2708E4BC1E45B2DC00B34944 /* ZNKPlayerUITests.m */; };
		2708E5081E47F4A400B34944 /* (null) in Sources */ = {isa = PBXBuildFile; };
		2708E55C1E47FFCB00B34944 /* AppDelegate.m in Sources */ = {isa = PBXBuildFile; fileRef = 2708E52A1E47FFCB00B34944 /* AppDelegate.m */; };
		2708E55D1E47FFCB00B34944 /* Assets.xcassets in Resources */ = {isa = PBXBuildFile; fileRef = 2708E52B1E47FFCB00B34944 /* Assets.xcassets */; };
		2708E55E1E47FFCB00B34944 /* LaunchScreen.storyboard in Resources */ = {isa = PBXBuildFile; fileRef = 2708E52C1E47FFCB00B34944 /* LaunchScreen.storyboard */; };
		2708E55F1E47FFCB00B34944 /* Main.storyboard in Resources */ = {isa = PBXBuildFile; fileRef = 2708E52E1E47FFCB00B34944 /* Main.storyboard */; };
		2708E5601E47FFCB00B34944 /* Info.plist in Resources */ = {isa = PBXBuildFile; fileRef = 2708E5301E47FFCB00B34944 /* Info.plist */; };
		2708E5611E47FFCB00B34944 /* main.m in Sources */ = {isa = PBXBuildFile; fileRef = 2708E5311E47FFCB00B34944 /* main.m */; };
		2708E5621E47FFCB00B34944 /* ViewController.m in Sources */ = {isa = PBXBuildFile; fileRef = 2708E5331E47FFCB00B34944 /* ViewController.m */; };
		2708E5631E47FFCB00B34944 /* IJKMediaFramework.framework in Frameworks */ = {isa = PBXBuildFile; fileRef = 2708E5351E47FFCB00B34944 /* IJKMediaFramework.framework */; };
		2708E5641E47FFCB00B34944 /* IJKMediaFramework.framework.zip in Resources */ = {isa = PBXBuildFile; fileRef = 2708E5361E47FFCB00B34944 /* IJKMediaFramework.framework.zip */; };
		2708E5651E47FFCB00B34944 /* NSArray+ZNKMASAdditions.m in Sources */ = {isa = PBXBuildFile; fileRef = 2708E5391E47FFCB00B34944 /* NSArray+ZNKMASAdditions.m */; };
		2708E5661E47FFCB00B34944 /* NSLayoutConstraint+ZNKMASDebugAdditions.m in Sources */ = {isa = PBXBuildFile; fileRef = 2708E53C1E47FFCB00B34944 /* NSLayoutConstraint+ZNKMASDebugAdditions.m */; };
		2708E5671E47FFCB00B34944 /* View+ZNKMASAdditions.m in Sources */ = {isa = PBXBuildFile; fileRef = 2708E53E1E47FFCB00B34944 /* View+ZNKMASAdditions.m */; };
		2708E5681E47FFCB00B34944 /* ViewController+ZNKMASAdditions.m in Sources */ = {isa = PBXBuildFile; fileRef = 2708E5411E47FFCB00B34944 /* ViewController+ZNKMASAdditions.m */; };
		2708E5691E47FFCB00B34944 /* ZNKMASCompositeConstraint.m in Sources */ = {isa = PBXBuildFile; fileRef = 2708E5431E47FFCB00B34944 /* ZNKMASCompositeConstraint.m */; };
		2708E56A1E47FFCB00B34944 /* ZNKMASConstraint.m in Sources */ = {isa = PBXBuildFile; fileRef = 2708E5461E47FFCB00B34944 /* ZNKMASConstraint.m */; };
		2708E56B1E47FFCB00B34944 /* ZNKMASConstraintMaker.m in Sources */ = {isa = PBXBuildFile; fileRef = 2708E5481E47FFCB00B34944 /* ZNKMASConstraintMaker.m */; };
		2708E56C1E47FFCB00B34944 /* ZNKMASLayoutConstraint.m in Sources */ = {isa = PBXBuildFile; fileRef = 2708E54A1E47FFCB00B34944 /* ZNKMASLayoutConstraint.m */; };
		2708E56D1E47FFCB00B34944 /* ZNKMASViewAttribute.m in Sources */ = {isa = PBXBuildFile; fileRef = 2708E54E1E47FFCB00B34944 /* ZNKMASViewAttribute.m */; };
		2708E56E1E47FFCB00B34944 /* ZNKMASViewConstraint.m in Sources */ = {isa = PBXBuildFile; fileRef = 2708E5501E47FFCB00B34944 /* ZNKMASViewConstraint.m */; };
		2708E56F1E47FFCB00B34944 /* ZNKPlayer.bundle in Resources */ = {isa = PBXBuildFile; fileRef = 2708E5511E47FFCB00B34944 /* ZNKPlayer.bundle */; };
		2708E57B1E48066500B34944 /* ZNKNetworkListener.m in Sources */ = {isa = PBXBuildFile; fileRef = 2708E5781E48066500B34944 /* ZNKNetworkListener.m */; };
		2708E57C1E48066500B34944 /* ZNKNetworkSpeed.m in Sources */ = {isa = PBXBuildFile; fileRef = 2708E57A1E48066500B34944 /* ZNKNetworkSpeed.m */; };
		270D657E1E6500FA00736DE5 /* VideoListViewController.m in Sources */ = {isa = PBXBuildFile; fileRef = 270D657D1E6500FA00736DE5 /* VideoListViewController.m */; };
		270D65811E65011A00736DE5 /* Video.m in Sources */ = {isa = PBXBuildFile; fileRef = 270D65801E65011A00736DE5 /* Video.m */; };
		270D65851E6502CC00736DE5 /* HTTPEngine.m in Sources */ = {isa = PBXBuildFile; fileRef = 270D65841E6502CC00736DE5 /* HTTPEngine.m */; };
		270D65891E65030600736DE5 /* XMLDictionary.m in Sources */ = {isa = PBXBuildFile; fileRef = 270D65881E65030600736DE5 /* XMLDictionary.m */; };
		270D65981E65037800736DE5 /* AFHTTPSessionManager.m in Sources */ = {isa = PBXBuildFile; fileRef = 270D658C1E65037800736DE5 /* AFHTTPSessionManager.m */; };
		270D65991E65037800736DE5 /* AFNetworkReachabilityManager.m in Sources */ = {isa = PBXBuildFile; fileRef = 270D658F1E65037800736DE5 /* AFNetworkReachabilityManager.m */; };
		270D659A1E65037800736DE5 /* AFSecurityPolicy.m in Sources */ = {isa = PBXBuildFile; fileRef = 270D65911E65037800736DE5 /* AFSecurityPolicy.m */; };
		270D659B1E65037800736DE5 /* AFURLRequestSerialization.m in Sources */ = {isa = PBXBuildFile; fileRef = 270D65931E65037800736DE5 /* AFURLRequestSerialization.m */; };
		270D659C1E65037800736DE5 /* AFURLResponseSerialization.m in Sources */ = {isa = PBXBuildFile; fileRef = 270D65951E65037800736DE5 /* AFURLResponseSerialization.m */; };
		270D659D1E65037800736DE5 /* AFURLSessionManager.m in Sources */ = {isa = PBXBuildFile; fileRef = 270D65971E65037800736DE5 /* AFURLSessionManager.m */; };
		270D65B31E65038300736DE5 /* AFAutoPurgingImageCache.m in Sources */ = {isa = PBXBuildFile; fileRef = 270D65A01E65038200736DE5 /* AFAutoPurgingImageCache.m */; };
		270D65B41E65038300736DE5 /* AFImageDownloader.m in Sources */ = {isa = PBXBuildFile; fileRef = 270D65A21E65038300736DE5 /* AFImageDownloader.m */; };
		270D65B51E65038300736DE5 /* AFNetworkActivityIndicatorManager.m in Sources */ = {isa = PBXBuildFile; fileRef = 270D65A41E65038300736DE5 /* AFNetworkActivityIndicatorManager.m */; };
		270D65B61E65038300736DE5 /* UIActivityIndicatorView+AFNetworking.m in Sources */ = {isa = PBXBuildFile; fileRef = 270D65A61E65038300736DE5 /* UIActivityIndicatorView+AFNetworking.m */; };
		270D65B71E65038300736DE5 /* UIButton+AFNetworking.m in Sources */ = {isa = PBXBuildFile; fileRef = 270D65A81E65038300736DE5 /* UIButton+AFNetworking.m */; };
		270D65B81E65038300736DE5 /* UIImageView+AFNetworking.m in Sources */ = {isa = PBXBuildFile; fileRef = 270D65AB1E65038300736DE5 /* UIImageView+AFNetworking.m */; };
		270D65B91E65038300736DE5 /* UIProgressView+AFNetworking.m in Sources */ = {isa = PBXBuildFile; fileRef = 270D65AE1E65038300736DE5 /* UIProgressView+AFNetworking.m */; };
		270D65BA1E65038300736DE5 /* UIRefreshControl+AFNetworking.m in Sources */ = {isa = PBXBuildFile; fileRef = 270D65B01E65038300736DE5 /* UIRefreshControl+AFNetworking.m */; };
		270D65BB1E65038300736DE5 /* UIWebView+AFNetworking.m in Sources */ = {isa = PBXBuildFile; fileRef = 270D65B21E65038300736DE5 /* UIWebView+AFNetworking.m */; };
		2720E7F61E5ABB7F008D62B5 /* libbz2.tbd in Frameworks */ = {isa = PBXBuildFile; fileRef = 2720E7F51E5ABB7F008D62B5 /* libbz2.tbd */; };
		2720E7F81E5ABBCF008D62B5 /* libc++.tbd in Frameworks */ = {isa = PBXBuildFile; fileRef = 2720E7F71E5ABBCF008D62B5 /* libc++.tbd */; };
		272EE08D1E514C9A00D0AB0B /* ZNKKeyboardManager.m in Sources */ = {isa = PBXBuildFile; fileRef = 272EE08C1E514C9A00D0AB0B /* ZNKKeyboardManager.m */; };
		27ACC3E91E4AA6640069B8E1 /* ZNKCustomView.m in Sources */ = {isa = PBXBuildFile; fileRef = 27ACC3E81E4AA6640069B8E1 /* ZNKCustomView.m */; };
		27D1F6B21E49734A00CE8636 /* libz.tbd in Frameworks */ = {isa = PBXBuildFile; fileRef = 27D1F6B11E49734A00CE8636 /* libz.tbd */; };
		27D1F6B91E49739E00CE8636 /* ZNKBaseView.m in Sources */ = {isa = PBXBuildFile; fileRef = 27D1F6B51E49739E00CE8636 /* ZNKBaseView.m */; };
		27D1F6BA1E49739E00CE8636 /* ZNKPlayer.m in Sources */ = {isa = PBXBuildFile; fileRef = 27D1F6B71E49739E00CE8636 /* ZNKPlayer.m */; };
		27D1F6BD1E4973D600CE8636 /* ZNKBrightnessView.m in Sources */ = {isa = PBXBuildFile; fileRef = 27D1F6BC1E4973D600CE8636 /* ZNKBrightnessView.m */; };
		27D1F6C01E49740700CE8636 /* ZNKValuePopUpView.m in Sources */ = {isa = PBXBuildFile; fileRef = 27D1F6BF1E49740700CE8636 /* ZNKValuePopUpView.m */; };
		27D1F6C31E49741E00CE8636 /* ZNKSlider.m in Sources */ = {isa = PBXBuildFile; fileRef = 27D1F6C21E49741E00CE8636 /* ZNKSlider.m */; };
		27D1F6C71E49769400CE8636 /* ZNKControlView.m in Sources */ = {isa = PBXBuildFile; fileRef = 27D1F6C61E49769400CE8636 /* ZNKControlView.m */; };
/* End PBXBuildFile section */

/* Begin PBXContainerItemProxy section */
		2708E4AE1E45B2DC00B34944 /* PBXContainerItemProxy */ = {
			isa = PBXContainerItemProxy;
			containerPortal = 2708E48C1E45B2DC00B34944 /* Project object */;
			proxyType = 1;
			remoteGlobalIDString = 2708E4931E45B2DC00B34944;
			remoteInfo = ZNKPlayer;
		};
		2708E4B91E45B2DC00B34944 /* PBXContainerItemProxy */ = {
			isa = PBXContainerItemProxy;
			containerPortal = 2708E48C1E45B2DC00B34944 /* Project object */;
			proxyType = 1;
			remoteGlobalIDString = 2708E4931E45B2DC00B34944;
			remoteInfo = ZNKPlayer;
		};
/* End PBXContainerItemProxy section */

/* Begin PBXFileReference section */
		2708E4941E45B2DC00B34944 /* ZNKPlayer.app */ = {isa = PBXFileReference; explicitFileType = wrapper.application; includeInIndex = 0; path = ZNKPlayer.app; sourceTree = BUILT_PRODUCTS_DIR; };
		2708E4AD1E45B2DC00B34944 /* ZNKPlayerTests.xctest */ = {isa = PBXFileReference; explicitFileType = wrapper.cfbundle; includeInIndex = 0; path = ZNKPlayerTests.xctest; sourceTree = BUILT_PRODUCTS_DIR; };
		2708E4B11E45B2DC00B34944 /* ZNKPlayerTests.m */ = {isa = PBXFileReference; lastKnownFileType = sourcecode.c.objc; path = ZNKPlayerTests.m; sourceTree = "<group>"; };
		2708E4B31E45B2DC00B34944 /* Info.plist */ = {isa = PBXFileReference; lastKnownFileType = text.plist.xml; path = Info.plist; sourceTree = "<group>"; };
		2708E4B81E45B2DC00B34944 /* ZNKPlayerUITests.xctest */ = {isa = PBXFileReference; explicitFileType = wrapper.cfbundle; includeInIndex = 0; path = ZNKPlayerUITests.xctest; sourceTree = BUILT_PRODUCTS_DIR; };
		2708E4BC1E45B2DC00B34944 /* ZNKPlayerUITests.m */ = {isa = PBXFileReference; lastKnownFileType = sourcecode.c.objc; path = ZNKPlayerUITests.m; sourceTree = "<group>"; };
		2708E4BE1E45B2DC00B34944 /* Info.plist */ = {isa = PBXFileReference; lastKnownFileType = text.plist.xml; path = Info.plist; sourceTree = "<group>"; };
		2708E5291E47FFCB00B34944 /* AppDelegate.h */ = {isa = PBXFileReference; fileEncoding = 4; lastKnownFileType = sourcecode.c.h; path = AppDelegate.h; sourceTree = "<group>"; };
		2708E52A1E47FFCB00B34944 /* AppDelegate.m */ = {isa = PBXFileReference; fileEncoding = 4; lastKnownFileType = sourcecode.c.objc; path = AppDelegate.m; sourceTree = "<group>"; };
		2708E52B1E47FFCB00B34944 /* Assets.xcassets */ = {isa = PBXFileReference; lastKnownFileType = folder.assetcatalog; path = Assets.xcassets; sourceTree = "<group>"; };
		2708E52D1E47FFCB00B34944 /* Base */ = {isa = PBXFileReference; lastKnownFileType = file.storyboard; name = Base; path = Base.lproj/LaunchScreen.storyboard; sourceTree = "<group>"; };
		2708E52F1E47FFCB00B34944 /* Base */ = {isa = PBXFileReference; lastKnownFileType = file.storyboard; name = Base; path = Base.lproj/Main.storyboard; sourceTree = "<group>"; };
		2708E5301E47FFCB00B34944 /* Info.plist */ = {isa = PBXFileReference; fileEncoding = 4; lastKnownFileType = text.plist.xml; path = Info.plist; sourceTree = "<group>"; };
		2708E5311E47FFCB00B34944 /* main.m */ = {isa = PBXFileReference; fileEncoding = 4; lastKnownFileType = sourcecode.c.objc; path = main.m; sourceTree = "<group>"; };
		2708E5321E47FFCB00B34944 /* ViewController.h */ = {isa = PBXFileReference; fileEncoding = 4; lastKnownFileType = sourcecode.c.h; path = ViewController.h; sourceTree = "<group>"; };
		2708E5331E47FFCB00B34944 /* ViewController.m */ = {isa = PBXFileReference; fileEncoding = 4; lastKnownFileType = sourcecode.c.objc; path = ViewController.m; sourceTree = "<group>"; };
		2708E5351E47FFCB00B34944 /* IJKMediaFramework.framework */ = {isa = PBXFileReference; lastKnownFileType = wrapper.framework; path = IJKMediaFramework.framework; sourceTree = "<group>"; };
		2708E5361E47FFCB00B34944 /* IJKMediaFramework.framework.zip */ = {isa = PBXFileReference; lastKnownFileType = archive.zip; path = IJKMediaFramework.framework.zip; sourceTree = "<group>"; };
		2708E5381E47FFCB00B34944 /* NSArray+ZNKMASAdditions.h */ = {isa = PBXFileReference; fileEncoding = 4; lastKnownFileType = sourcecode.c.h; path = "NSArray+ZNKMASAdditions.h"; sourceTree = "<group>"; };
		2708E5391E47FFCB00B34944 /* NSArray+ZNKMASAdditions.m */ = {isa = PBXFileReference; fileEncoding = 4; lastKnownFileType = sourcecode.c.objc; path = "NSArray+ZNKMASAdditions.m"; sourceTree = "<group>"; };
		2708E53A1E47FFCB00B34944 /* NSArray+ZNKMASShorthandAdditions.h */ = {isa = PBXFileReference; fileEncoding = 4; lastKnownFileType = sourcecode.c.h; path = "NSArray+ZNKMASShorthandAdditions.h"; sourceTree = "<group>"; };
		2708E53B1E47FFCB00B34944 /* NSLayoutConstraint+ZNKMASDebugAdditions.h */ = {isa = PBXFileReference; fileEncoding = 4; lastKnownFileType = sourcecode.c.h; path = "NSLayoutConstraint+ZNKMASDebugAdditions.h"; sourceTree = "<group>"; };
		2708E53C1E47FFCB00B34944 /* NSLayoutConstraint+ZNKMASDebugAdditions.m */ = {isa = PBXFileReference; fileEncoding = 4; lastKnownFileType = sourcecode.c.objc; path = "NSLayoutConstraint+ZNKMASDebugAdditions.m"; sourceTree = "<group>"; };
		2708E53D1E47FFCB00B34944 /* View+ZNKMASAdditions.h */ = {isa = PBXFileReference; fileEncoding = 4; lastKnownFileType = sourcecode.c.h; path = "View+ZNKMASAdditions.h"; sourceTree = "<group>"; };
		2708E53E1E47FFCB00B34944 /* View+ZNKMASAdditions.m */ = {isa = PBXFileReference; fileEncoding = 4; lastKnownFileType = sourcecode.c.objc; path = "View+ZNKMASAdditions.m"; sourceTree = "<group>"; };
		2708E53F1E47FFCB00B34944 /* View+ZNKMASShorthandAdditions.h */ = {isa = PBXFileReference; fileEncoding = 4; lastKnownFileType = sourcecode.c.h; path = "View+ZNKMASShorthandAdditions.h"; sourceTree = "<group>"; };
		2708E5401E47FFCB00B34944 /* ViewController+ZNKMASAdditions.h */ = {isa = PBXFileReference; fileEncoding = 4; lastKnownFileType = sourcecode.c.h; path = "ViewController+ZNKMASAdditions.h"; sourceTree = "<group>"; };
		2708E5411E47FFCB00B34944 /* ViewController+ZNKMASAdditions.m */ = {isa = PBXFileReference; fileEncoding = 4; lastKnownFileType = sourcecode.c.objc; path = "ViewController+ZNKMASAdditions.m"; sourceTree = "<group>"; };
		2708E5421E47FFCB00B34944 /* ZNKMASCompositeConstraint.h */ = {isa = PBXFileReference; fileEncoding = 4; lastKnownFileType = sourcecode.c.h; path = ZNKMASCompositeConstraint.h; sourceTree = "<group>"; };
		2708E5431E47FFCB00B34944 /* ZNKMASCompositeConstraint.m */ = {isa = PBXFileReference; fileEncoding = 4; lastKnownFileType = sourcecode.c.objc; path = ZNKMASCompositeConstraint.m; sourceTree = "<group>"; };
		2708E5441E47FFCB00B34944 /* ZNKMASConstraint+Private.h */ = {isa = PBXFileReference; fileEncoding = 4; lastKnownFileType = sourcecode.c.h; path = "ZNKMASConstraint+Private.h"; sourceTree = "<group>"; };
		2708E5451E47FFCB00B34944 /* ZNKMASConstraint.h */ = {isa = PBXFileReference; fileEncoding = 4; lastKnownFileType = sourcecode.c.h; path = ZNKMASConstraint.h; sourceTree = "<group>"; };
		2708E5461E47FFCB00B34944 /* ZNKMASConstraint.m */ = {isa = PBXFileReference; fileEncoding = 4; lastKnownFileType = sourcecode.c.objc; path = ZNKMASConstraint.m; sourceTree = "<group>"; };
		2708E5471E47FFCB00B34944 /* ZNKMASConstraintMaker.h */ = {isa = PBXFileReference; fileEncoding = 4; lastKnownFileType = sourcecode.c.h; path = ZNKMASConstraintMaker.h; sourceTree = "<group>"; };
		2708E5481E47FFCB00B34944 /* ZNKMASConstraintMaker.m */ = {isa = PBXFileReference; fileEncoding = 4; lastKnownFileType = sourcecode.c.objc; path = ZNKMASConstraintMaker.m; sourceTree = "<group>"; };
		2708E5491E47FFCB00B34944 /* ZNKMASLayoutConstraint.h */ = {isa = PBXFileReference; fileEncoding = 4; lastKnownFileType = sourcecode.c.h; path = ZNKMASLayoutConstraint.h; sourceTree = "<group>"; };
		2708E54A1E47FFCB00B34944 /* ZNKMASLayoutConstraint.m */ = {isa = PBXFileReference; fileEncoding = 4; lastKnownFileType = sourcecode.c.objc; path = ZNKMASLayoutConstraint.m; sourceTree = "<group>"; };
		2708E54B1E47FFCB00B34944 /* ZNKMasonry.h */ = {isa = PBXFileReference; fileEncoding = 4; lastKnownFileType = sourcecode.c.h; path = ZNKMasonry.h; sourceTree = "<group>"; };
		2708E54C1E47FFCB00B34944 /* ZNKMASUtilities.h */ = {isa = PBXFileReference; fileEncoding = 4; lastKnownFileType = sourcecode.c.h; path = ZNKMASUtilities.h; sourceTree = "<group>"; };
		2708E54D1E47FFCB00B34944 /* ZNKMASViewAttribute.h */ = {isa = PBXFileReference; fileEncoding = 4; lastKnownFileType = sourcecode.c.h; path = ZNKMASViewAttribute.h; sourceTree = "<group>"; };
		2708E54E1E47FFCB00B34944 /* ZNKMASViewAttribute.m */ = {isa = PBXFileReference; fileEncoding = 4; lastKnownFileType = sourcecode.c.objc; path = ZNKMASViewAttribute.m; sourceTree = "<group>"; };
		2708E54F1E47FFCB00B34944 /* ZNKMASViewConstraint.h */ = {isa = PBXFileReference; fileEncoding = 4; lastKnownFileType = sourcecode.c.h; path = ZNKMASViewConstraint.h; sourceTree = "<group>"; };
		2708E5501E47FFCB00B34944 /* ZNKMASViewConstraint.m */ = {isa = PBXFileReference; fileEncoding = 4; lastKnownFileType = sourcecode.c.objc; path = ZNKMASViewConstraint.m; sourceTree = "<group>"; };
		2708E5511E47FFCB00B34944 /* ZNKPlayer.bundle */ = {isa = PBXFileReference; lastKnownFileType = "wrapper.plug-in"; path = ZNKPlayer.bundle; sourceTree = "<group>"; };
		2708E5771E48066500B34944 /* ZNKNetworkListener.h */ = {isa = PBXFileReference; fileEncoding = 4; lastKnownFileType = sourcecode.c.h; path = ZNKNetworkListener.h; sourceTree = "<group>"; };
		2708E5781E48066500B34944 /* ZNKNetworkListener.m */ = {isa = PBXFileReference; fileEncoding = 4; lastKnownFileType = sourcecode.c.objc; path = ZNKNetworkListener.m; sourceTree = "<group>"; };
		2708E5791E48066500B34944 /* ZNKNetworkSpeed.h */ = {isa = PBXFileReference; fileEncoding = 4; lastKnownFileType = sourcecode.c.h; path = ZNKNetworkSpeed.h; sourceTree = "<group>"; };
		2708E57A1E48066500B34944 /* ZNKNetworkSpeed.m */ = {isa = PBXFileReference; fileEncoding = 4; lastKnownFileType = sourcecode.c.objc; path = ZNKNetworkSpeed.m; sourceTree = "<group>"; };
		270D657C1E6500FA00736DE5 /* VideoListViewController.h */ = {isa = PBXFileReference; fileEncoding = 4; lastKnownFileType = sourcecode.c.h; path = VideoListViewController.h; sourceTree = "<group>"; };
		270D657D1E6500FA00736DE5 /* VideoListViewController.m */ = {isa = PBXFileReference; fileEncoding = 4; lastKnownFileType = sourcecode.c.objc; path = VideoListViewController.m; sourceTree = "<group>"; };
		270D657F1E65011A00736DE5 /* Video.h */ = {isa = PBXFileReference; fileEncoding = 4; lastKnownFileType = sourcecode.c.h; path = Video.h; sourceTree = "<group>"; };
		270D65801E65011A00736DE5 /* Video.m */ = {isa = PBXFileReference; fileEncoding = 4; lastKnownFileType = sourcecode.c.objc; path = Video.m; sourceTree = "<group>"; };
		270D65831E6502CC00736DE5 /* HTTPEngine.h */ = {isa = PBXFileReference; fileEncoding = 4; lastKnownFileType = sourcecode.c.h; path = HTTPEngine.h; sourceTree = "<group>"; };
		270D65841E6502CC00736DE5 /* HTTPEngine.m */ = {isa = PBXFileReference; fileEncoding = 4; lastKnownFileType = sourcecode.c.objc; path = HTTPEngine.m; sourceTree = "<group>"; };
		270D65871E65030600736DE5 /* XMLDictionary.h */ = {isa = PBXFileReference; fileEncoding = 4; lastKnownFileType = sourcecode.c.h; path = XMLDictionary.h; sourceTree = "<group>"; };
		270D65881E65030600736DE5 /* XMLDictionary.m */ = {isa = PBXFileReference; fileEncoding = 4; lastKnownFileType = sourcecode.c.objc; path = XMLDictionary.m; sourceTree = "<group>"; };
		270D658B1E65037800736DE5 /* AFHTTPSessionManager.h */ = {isa = PBXFileReference; fileEncoding = 4; lastKnownFileType = sourcecode.c.h; path = AFHTTPSessionManager.h; sourceTree = "<group>"; };
		270D658C1E65037800736DE5 /* AFHTTPSessionManager.m */ = {isa = PBXFileReference; fileEncoding = 4; lastKnownFileType = sourcecode.c.objc; path = AFHTTPSessionManager.m; sourceTree = "<group>"; };
		270D658D1E65037800736DE5 /* AFNetworking.h */ = {isa = PBXFileReference; fileEncoding = 4; lastKnownFileType = sourcecode.c.h; path = AFNetworking.h; sourceTree = "<group>"; };
		270D658E1E65037800736DE5 /* AFNetworkReachabilityManager.h */ = {isa = PBXFileReference; fileEncoding = 4; lastKnownFileType = sourcecode.c.h; path = AFNetworkReachabilityManager.h; sourceTree = "<group>"; };
		270D658F1E65037800736DE5 /* AFNetworkReachabilityManager.m */ = {isa = PBXFileReference; fileEncoding = 4; lastKnownFileType = sourcecode.c.objc; path = AFNetworkReachabilityManager.m; sourceTree = "<group>"; };
		270D65901E65037800736DE5 /* AFSecurityPolicy.h */ = {isa = PBXFileReference; fileEncoding = 4; lastKnownFileType = sourcecode.c.h; path = AFSecurityPolicy.h; sourceTree = "<group>"; };
		270D65911E65037800736DE5 /* AFSecurityPolicy.m */ = {isa = PBXFileReference; fileEncoding = 4; lastKnownFileType = sourcecode.c.objc; path = AFSecurityPolicy.m; sourceTree = "<group>"; };
		270D65921E65037800736DE5 /* AFURLRequestSerialization.h */ = {isa = PBXFileReference; fileEncoding = 4; lastKnownFileType = sourcecode.c.h; path = AFURLRequestSerialization.h; sourceTree = "<group>"; };
		270D65931E65037800736DE5 /* AFURLRequestSerialization.m */ = {isa = PBXFileReference; fileEncoding = 4; lastKnownFileType = sourcecode.c.objc; path = AFURLRequestSerialization.m; sourceTree = "<group>"; };
		270D65941E65037800736DE5 /* AFURLResponseSerialization.h */ = {isa = PBXFileReference; fileEncoding = 4; lastKnownFileType = sourcecode.c.h; path = AFURLResponseSerialization.h; sourceTree = "<group>"; };
		270D65951E65037800736DE5 /* AFURLResponseSerialization.m */ = {isa = PBXFileReference; fileEncoding = 4; lastKnownFileType = sourcecode.c.objc; path = AFURLResponseSerialization.m; sourceTree = "<group>"; };
		270D65961E65037800736DE5 /* AFURLSessionManager.h */ = {isa = PBXFileReference; fileEncoding = 4; lastKnownFileType = sourcecode.c.h; path = AFURLSessionManager.h; sourceTree = "<group>"; };
		270D65971E65037800736DE5 /* AFURLSessionManager.m */ = {isa = PBXFileReference; fileEncoding = 4; lastKnownFileType = sourcecode.c.objc; path = AFURLSessionManager.m; sourceTree = "<group>"; };
		270D659F1E65038200736DE5 /* AFAutoPurgingImageCache.h */ = {isa = PBXFileReference; fileEncoding = 4; lastKnownFileType = sourcecode.c.h; path = AFAutoPurgingImageCache.h; sourceTree = "<group>"; };
		270D65A01E65038200736DE5 /* AFAutoPurgingImageCache.m */ = {isa = PBXFileReference; fileEncoding = 4; lastKnownFileType = sourcecode.c.objc; path = AFAutoPurgingImageCache.m; sourceTree = "<group>"; };
		270D65A11E65038300736DE5 /* AFImageDownloader.h */ = {isa = PBXFileReference; fileEncoding = 4; lastKnownFileType = sourcecode.c.h; path = AFImageDownloader.h; sourceTree = "<group>"; };
		270D65A21E65038300736DE5 /* AFImageDownloader.m */ = {isa = PBXFileReference; fileEncoding = 4; lastKnownFileType = sourcecode.c.objc; path = AFImageDownloader.m; sourceTree = "<group>"; };
		270D65A31E65038300736DE5 /* AFNetworkActivityIndicatorManager.h */ = {isa = PBXFileReference; fileEncoding = 4; lastKnownFileType = sourcecode.c.h; path = AFNetworkActivityIndicatorManager.h; sourceTree = "<group>"; };
		270D65A41E65038300736DE5 /* AFNetworkActivityIndicatorManager.m */ = {isa = PBXFileReference; fileEncoding = 4; lastKnownFileType = sourcecode.c.objc; path = AFNetworkActivityIndicatorManager.m; sourceTree = "<group>"; };
		270D65A51E65038300736DE5 /* UIActivityIndicatorView+AFNetworking.h */ = {isa = PBXFileReference; fileEncoding = 4; lastKnownFileType = sourcecode.c.h; path = "UIActivityIndicatorView+AFNetworking.h"; sourceTree = "<group>"; };
		270D65A61E65038300736DE5 /* UIActivityIndicatorView+AFNetworking.m */ = {isa = PBXFileReference; fileEncoding = 4; lastKnownFileType = sourcecode.c.objc; path = "UIActivityIndicatorView+AFNetworking.m"; sourceTree = "<group>"; };
		270D65A71E65038300736DE5 /* UIButton+AFNetworking.h */ = {isa = PBXFileReference; fileEncoding = 4; lastKnownFileType = sourcecode.c.h; path = "UIButton+AFNetworking.h"; sourceTree = "<group>"; };
		270D65A81E65038300736DE5 /* UIButton+AFNetworking.m */ = {isa = PBXFileReference; fileEncoding = 4; lastKnownFileType = sourcecode.c.objc; path = "UIButton+AFNetworking.m"; sourceTree = "<group>"; };
		270D65A91E65038300736DE5 /* UIImage+AFNetworking.h */ = {isa = PBXFileReference; fileEncoding = 4; lastKnownFileType = sourcecode.c.h; path = "UIImage+AFNetworking.h"; sourceTree = "<group>"; };
		270D65AA1E65038300736DE5 /* UIImageView+AFNetworking.h */ = {isa = PBXFileReference; fileEncoding = 4; lastKnownFileType = sourcecode.c.h; path = "UIImageView+AFNetworking.h"; sourceTree = "<group>"; };
		270D65AB1E65038300736DE5 /* UIImageView+AFNetworking.m */ = {isa = PBXFileReference; fileEncoding = 4; lastKnownFileType = sourcecode.c.objc; path = "UIImageView+AFNetworking.m"; sourceTree = "<group>"; };
		270D65AC1E65038300736DE5 /* UIKit+AFNetworking.h */ = {isa = PBXFileReference; fileEncoding = 4; lastKnownFileType = sourcecode.c.h; path = "UIKit+AFNetworking.h"; sourceTree = "<group>"; };
		270D65AD1E65038300736DE5 /* UIProgressView+AFNetworking.h */ = {isa = PBXFileReference; fileEncoding = 4; lastKnownFileType = sourcecode.c.h; path = "UIProgressView+AFNetworking.h"; sourceTree = "<group>"; };
		270D65AE1E65038300736DE5 /* UIProgressView+AFNetworking.m */ = {isa = PBXFileReference; fileEncoding = 4; lastKnownFileType = sourcecode.c.objc; path = "UIProgressView+AFNetworking.m"; sourceTree = "<group>"; };
		270D65AF1E65038300736DE5 /* UIRefreshControl+AFNetworking.h */ = {isa = PBXFileReference; fileEncoding = 4; lastKnownFileType = sourcecode.c.h; path = "UIRefreshControl+AFNetworking.h"; sourceTree = "<group>"; };
		270D65B01E65038300736DE5 /* UIRefreshControl+AFNetworking.m */ = {isa = PBXFileReference; fileEncoding = 4; lastKnownFileType = sourcecode.c.objc; path = "UIRefreshControl+AFNetworking.m"; sourceTree = "<group>"; };
		270D65B11E65038300736DE5 /* UIWebView+AFNetworking.h */ = {isa = PBXFileReference; fileEncoding = 4; lastKnownFileType = sourcecode.c.h; path = "UIWebView+AFNetworking.h"; sourceTree = "<group>"; };
		270D65B21E65038300736DE5 /* UIWebView+AFNetworking.m */ = {isa = PBXFileReference; fileEncoding = 4; lastKnownFileType = sourcecode.c.objc; path = "UIWebView+AFNetworking.m"; sourceTree = "<group>"; };
		2720E7F51E5ABB7F008D62B5 /* libbz2.tbd */ = {isa = PBXFileReference; lastKnownFileType = "sourcecode.text-based-dylib-definition"; name = libbz2.tbd; path = usr/lib/libbz2.tbd; sourceTree = SDKROOT; };
		2720E7F71E5ABBCF008D62B5 /* libc++.tbd */ = {isa = PBXFileReference; lastKnownFileType = "sourcecode.text-based-dylib-definition"; name = "libc++.tbd"; path = "usr/lib/libc++.tbd"; sourceTree = SDKROOT; };
		272EE08B1E514C9A00D0AB0B /* ZNKKeyboardManager.h */ = {isa = PBXFileReference; fileEncoding = 4; lastKnownFileType = sourcecode.c.h; path = ZNKKeyboardManager.h; sourceTree = "<group>"; };
		272EE08C1E514C9A00D0AB0B /* ZNKKeyboardManager.m */ = {isa = PBXFileReference; fileEncoding = 4; lastKnownFileType = sourcecode.c.objc; path = ZNKKeyboardManager.m; sourceTree = "<group>"; };
		27ACC3E71E4AA6640069B8E1 /* ZNKCustomView.h */ = {isa = PBXFileReference; fileEncoding = 4; lastKnownFileType = sourcecode.c.h; path = ZNKCustomView.h; sourceTree = "<group>"; };
		27ACC3E81E4AA6640069B8E1 /* ZNKCustomView.m */ = {isa = PBXFileReference; fileEncoding = 4; lastKnownFileType = sourcecode.c.objc; path = ZNKCustomView.m; sourceTree = "<group>"; };
		27D1F6B11E49734A00CE8636 /* libz.tbd */ = {isa = PBXFileReference; lastKnownFileType = "sourcecode.text-based-dylib-definition"; name = libz.tbd; path = usr/lib/libz.tbd; sourceTree = SDKROOT; };
		27D1F6B41E49739E00CE8636 /* ZNKBaseView.h */ = {isa = PBXFileReference; fileEncoding = 4; lastKnownFileType = sourcecode.c.h; path = ZNKBaseView.h; sourceTree = "<group>"; };
		27D1F6B51E49739E00CE8636 /* ZNKBaseView.m */ = {isa = PBXFileReference; fileEncoding = 4; lastKnownFileType = sourcecode.c.objc; path = ZNKBaseView.m; sourceTree = "<group>"; };
		27D1F6B61E49739E00CE8636 /* ZNKPlayer.h */ = {isa = PBXFileReference; fileEncoding = 4; lastKnownFileType = sourcecode.c.h; path = ZNKPlayer.h; sourceTree = "<group>"; };
		27D1F6B71E49739E00CE8636 /* ZNKPlayer.m */ = {isa = PBXFileReference; fileEncoding = 4; lastKnownFileType = sourcecode.c.objc; path = ZNKPlayer.m; sourceTree = "<group>"; };
		27D1F6BB1E4973D600CE8636 /* ZNKBrightnessView.h */ = {isa = PBXFileReference; fileEncoding = 4; lastKnownFileType = sourcecode.c.h; path = ZNKBrightnessView.h; sourceTree = "<group>"; };
		27D1F6BC1E4973D600CE8636 /* ZNKBrightnessView.m */ = {isa = PBXFileReference; fileEncoding = 4; lastKnownFileType = sourcecode.c.objc; path = ZNKBrightnessView.m; sourceTree = "<group>"; };
		27D1F6BE1E49740700CE8636 /* ZNKValuePopUpView.h */ = {isa = PBXFileReference; fileEncoding = 4; lastKnownFileType = sourcecode.c.h; path = ZNKValuePopUpView.h; sourceTree = "<group>"; };
		27D1F6BF1E49740700CE8636 /* ZNKValuePopUpView.m */ = {isa = PBXFileReference; fileEncoding = 4; lastKnownFileType = sourcecode.c.objc; path = ZNKValuePopUpView.m; sourceTree = "<group>"; };
		27D1F6C11E49741E00CE8636 /* ZNKSlider.h */ = {isa = PBXFileReference; fileEncoding = 4; lastKnownFileType = sourcecode.c.h; path = ZNKSlider.h; sourceTree = "<group>"; };
		27D1F6C21E49741E00CE8636 /* ZNKSlider.m */ = {isa = PBXFileReference; fileEncoding = 4; lastKnownFileType = sourcecode.c.objc; path = ZNKSlider.m; sourceTree = "<group>"; };
		27D1F6C41E4974B100CE8636 /* ZNKHeader.h */ = {isa = PBXFileReference; fileEncoding = 4; lastKnownFileType = sourcecode.c.h; path = ZNKHeader.h; sourceTree = "<group>"; };
		27D1F6C51E49769400CE8636 /* ZNKControlView.h */ = {isa = PBXFileReference; fileEncoding = 4; lastKnownFileType = sourcecode.c.h; path = ZNKControlView.h; sourceTree = "<group>"; };
		27D1F6C61E49769400CE8636 /* ZNKControlView.m */ = {isa = PBXFileReference; fileEncoding = 4; lastKnownFileType = sourcecode.c.objc; path = ZNKControlView.m; sourceTree = "<group>"; };
/* End PBXFileReference section */

/* Begin PBXFrameworksBuildPhase section */
		2708E4911E45B2DC00B34944 /* Frameworks */ = {
			isa = PBXFrameworksBuildPhase;
			buildActionMask = 2147483647;
			files = (
				2720E7F81E5ABBCF008D62B5 /* libc++.tbd in Frameworks */,
				2720E7F61E5ABB7F008D62B5 /* libbz2.tbd in Frameworks */,
				27D1F6B21E49734A00CE8636 /* libz.tbd in Frameworks */,
				2708E5631E47FFCB00B34944 /* IJKMediaFramework.framework in Frameworks */,
			);
			runOnlyForDeploymentPostprocessing = 0;
		};
		2708E4AA1E45B2DC00B34944 /* Frameworks */ = {
			isa = PBXFrameworksBuildPhase;
			buildActionMask = 2147483647;
			files = (
			);
			runOnlyForDeploymentPostprocessing = 0;
		};
		2708E4B51E45B2DC00B34944 /* Frameworks */ = {
			isa = PBXFrameworksBuildPhase;
			buildActionMask = 2147483647;
			files = (
			);
			runOnlyForDeploymentPostprocessing = 0;
		};
/* End PBXFrameworksBuildPhase section */

/* Begin PBXGroup section */
		2708E48B1E45B2DC00B34944 = {
			isa = PBXGroup;
			children = (
				2708E5281E47FFCB00B34944 /* ZNKPlayer */,
				2708E4B01E45B2DC00B34944 /* ZNKPlayerTests */,
				2708E4BB1E45B2DC00B34944 /* ZNKPlayerUITests */,
				2708E4951E45B2DC00B34944 /* Products */,
				27D1F6B01E49734A00CE8636 /* Frameworks */,
			);
			sourceTree = "<group>";
		};
		2708E4951E45B2DC00B34944 /* Products */ = {
			isa = PBXGroup;
			children = (
				2708E4941E45B2DC00B34944 /* ZNKPlayer.app */,
				2708E4AD1E45B2DC00B34944 /* ZNKPlayerTests.xctest */,
				2708E4B81E45B2DC00B34944 /* ZNKPlayerUITests.xctest */,
			);
			name = Products;
			sourceTree = "<group>";
		};
		2708E4B01E45B2DC00B34944 /* ZNKPlayerTests */ = {
			isa = PBXGroup;
			children = (
				2708E4B11E45B2DC00B34944 /* ZNKPlayerTests.m */,
				2708E4B31E45B2DC00B34944 /* Info.plist */,
			);
			path = ZNKPlayerTests;
			sourceTree = "<group>";
		};
		2708E4BB1E45B2DC00B34944 /* ZNKPlayerUITests */ = {
			isa = PBXGroup;
			children = (
				2708E4BC1E45B2DC00B34944 /* ZNKPlayerUITests.m */,
				2708E4BE1E45B2DC00B34944 /* Info.plist */,
			);
			path = ZNKPlayerUITests;
			sourceTree = "<group>";
		};
		2708E5281E47FFCB00B34944 /* ZNKPlayer */ = {
			isa = PBXGroup;
			children = (
				270D658A1E65037800736DE5 /* AFNetworking */,
				270D65861E65030600736DE5 /* ResolveXML */,
				270D65821E6502CC00736DE5 /* HTTP */,
				2708E5291E47FFCB00B34944 /* AppDelegate.h */,
				2708E52A1E47FFCB00B34944 /* AppDelegate.m */,
				2708E52B1E47FFCB00B34944 /* Assets.xcassets */,
				2708E52C1E47FFCB00B34944 /* LaunchScreen.storyboard */,
				2708E52E1E47FFCB00B34944 /* Main.storyboard */,
				2708E5301E47FFCB00B34944 /* Info.plist */,
				2708E5311E47FFCB00B34944 /* main.m */,
				2708E5321E47FFCB00B34944 /* ViewController.h */,
				2708E5331E47FFCB00B34944 /* ViewController.m */,
				270D657C1E6500FA00736DE5 /* VideoListViewController.h */,
				270D657D1E6500FA00736DE5 /* VideoListViewController.m */,
				270D657F1E65011A00736DE5 /* Video.h */,
				270D65801E65011A00736DE5 /* Video.m */,
				2708E5341E47FFCB00B34944 /* ZNKPlayerFramework */,
			);
			path = ZNKPlayer;
			sourceTree = "<group>";
		};
		2708E5341E47FFCB00B34944 /* ZNKPlayerFramework */ = {
			isa = PBXGroup;
			children = (
				2708E5351E47FFCB00B34944 /* IJKMediaFramework.framework */,
				2708E5361E47FFCB00B34944 /* IJKMediaFramework.framework.zip */,
				2708E5371E47FFCB00B34944 /* ZNKMasonry */,
				2708E5511E47FFCB00B34944 /* ZNKPlayer.bundle */,
				2708E5521E47FFCB00B34944 /* ZNKPlayerClasses */,
			);
			path = ZNKPlayerFramework;
			sourceTree = "<group>";
		};
		2708E5371E47FFCB00B34944 /* ZNKMasonry */ = {
			isa = PBXGroup;
			children = (
				2708E5381E47FFCB00B34944 /* NSArray+ZNKMASAdditions.h */,
				2708E5391E47FFCB00B34944 /* NSArray+ZNKMASAdditions.m */,
				2708E53A1E47FFCB00B34944 /* NSArray+ZNKMASShorthandAdditions.h */,
				2708E53B1E47FFCB00B34944 /* NSLayoutConstraint+ZNKMASDebugAdditions.h */,
				2708E53C1E47FFCB00B34944 /* NSLayoutConstraint+ZNKMASDebugAdditions.m */,
				2708E53D1E47FFCB00B34944 /* View+ZNKMASAdditions.h */,
				2708E53E1E47FFCB00B34944 /* View+ZNKMASAdditions.m */,
				2708E53F1E47FFCB00B34944 /* View+ZNKMASShorthandAdditions.h */,
				2708E5401E47FFCB00B34944 /* ViewController+ZNKMASAdditions.h */,
				2708E5411E47FFCB00B34944 /* ViewController+ZNKMASAdditions.m */,
				2708E5421E47FFCB00B34944 /* ZNKMASCompositeConstraint.h */,
				2708E5431E47FFCB00B34944 /* ZNKMASCompositeConstraint.m */,
				2708E5441E47FFCB00B34944 /* ZNKMASConstraint+Private.h */,
				2708E5451E47FFCB00B34944 /* ZNKMASConstraint.h */,
				2708E5461E47FFCB00B34944 /* ZNKMASConstraint.m */,
				2708E5471E47FFCB00B34944 /* ZNKMASConstraintMaker.h */,
				2708E5481E47FFCB00B34944 /* ZNKMASConstraintMaker.m */,
				2708E5491E47FFCB00B34944 /* ZNKMASLayoutConstraint.h */,
				2708E54A1E47FFCB00B34944 /* ZNKMASLayoutConstraint.m */,
				2708E54B1E47FFCB00B34944 /* ZNKMasonry.h */,
				2708E54C1E47FFCB00B34944 /* ZNKMASUtilities.h */,
				2708E54D1E47FFCB00B34944 /* ZNKMASViewAttribute.h */,
				2708E54E1E47FFCB00B34944 /* ZNKMASViewAttribute.m */,
				2708E54F1E47FFCB00B34944 /* ZNKMASViewConstraint.h */,
				2708E5501E47FFCB00B34944 /* ZNKMASViewConstraint.m */,
			);
			path = ZNKMasonry;
			sourceTree = "<group>";
		};
		2708E5521E47FFCB00B34944 /* ZNKPlayerClasses */ = {
			isa = PBXGroup;
			children = (
				27D1F6B31E49739E00CE8636 /* ZNKPlayer */,
				27D1F6B81E49739E00CE8636 /* ZNKSetting */,
				2708E5761E48066500B34944 /* ZNKNetwork */,
			);
			path = ZNKPlayerClasses;
			sourceTree = "<group>";
		};
		2708E5761E48066500B34944 /* ZNKNetwork */ = {
			isa = PBXGroup;
			children = (
				2708E5771E48066500B34944 /* ZNKNetworkListener.h */,
				2708E5781E48066500B34944 /* ZNKNetworkListener.m */,
				2708E5791E48066500B34944 /* ZNKNetworkSpeed.h */,
				2708E57A1E48066500B34944 /* ZNKNetworkSpeed.m */,
			);
			path = ZNKNetwork;
			sourceTree = "<group>";
		};
		270D65821E6502CC00736DE5 /* HTTP */ = {
			isa = PBXGroup;
			children = (
				270D65831E6502CC00736DE5 /* HTTPEngine.h */,
				270D65841E6502CC00736DE5 /* HTTPEngine.m */,
			);
			path = HTTP;
			sourceTree = "<group>";
		};
		270D65861E65030600736DE5 /* ResolveXML */ = {
			isa = PBXGroup;
			children = (
				270D65871E65030600736DE5 /* XMLDictionary.h */,
				270D65881E65030600736DE5 /* XMLDictionary.m */,
			);
			path = ResolveXML;
			sourceTree = "<group>";
		};
		270D658A1E65037800736DE5 /* AFNetworking */ = {
			isa = PBXGroup;
			children = (
				270D659E1E65038200736DE5 /* UIKit+AFNetworking */,
				270D658B1E65037800736DE5 /* AFHTTPSessionManager.h */,
				270D658C1E65037800736DE5 /* AFHTTPSessionManager.m */,
				270D658D1E65037800736DE5 /* AFNetworking.h */,
				270D658E1E65037800736DE5 /* AFNetworkReachabilityManager.h */,
				270D658F1E65037800736DE5 /* AFNetworkReachabilityManager.m */,
				270D65901E65037800736DE5 /* AFSecurityPolicy.h */,
				270D65911E65037800736DE5 /* AFSecurityPolicy.m */,
				270D65921E65037800736DE5 /* AFURLRequestSerialization.h */,
				270D65931E65037800736DE5 /* AFURLRequestSerialization.m */,
				270D65941E65037800736DE5 /* AFURLResponseSerialization.h */,
				270D65951E65037800736DE5 /* AFURLResponseSerialization.m */,
				270D65961E65037800736DE5 /* AFURLSessionManager.h */,
				270D65971E65037800736DE5 /* AFURLSessionManager.m */,
			);
			path = AFNetworking;
			sourceTree = "<group>";
		};
		270D659E1E65038200736DE5 /* UIKit+AFNetworking */ = {
			isa = PBXGroup;
			children = (
				270D659F1E65038200736DE5 /* AFAutoPurgingImageCache.h */,
				270D65A01E65038200736DE5 /* AFAutoPurgingImageCache.m */,
				270D65A11E65038300736DE5 /* AFImageDownloader.h */,
				270D65A21E65038300736DE5 /* AFImageDownloader.m */,
				270D65A31E65038300736DE5 /* AFNetworkActivityIndicatorManager.h */,
				270D65A41E65038300736DE5 /* AFNetworkActivityIndicatorManager.m */,
				270D65A51E65038300736DE5 /* UIActivityIndicatorView+AFNetworking.h */,
				270D65A61E65038300736DE5 /* UIActivityIndicatorView+AFNetworking.m */,
				270D65A71E65038300736DE5 /* UIButton+AFNetworking.h */,
				270D65A81E65038300736DE5 /* UIButton+AFNetworking.m */,
				270D65A91E65038300736DE5 /* UIImage+AFNetworking.h */,
				270D65AA1E65038300736DE5 /* UIImageView+AFNetworking.h */,
				270D65AB1E65038300736DE5 /* UIImageView+AFNetworking.m */,
				270D65AC1E65038300736DE5 /* UIKit+AFNetworking.h */,
				270D65AD1E65038300736DE5 /* UIProgressView+AFNetworking.h */,
				270D65AE1E65038300736DE5 /* UIProgressView+AFNetworking.m */,
				270D65AF1E65038300736DE5 /* UIRefreshControl+AFNetworking.h */,
				270D65B01E65038300736DE5 /* UIRefreshControl+AFNetworking.m */,
				270D65B11E65038300736DE5 /* UIWebView+AFNetworking.h */,
				270D65B21E65038300736DE5 /* UIWebView+AFNetworking.m */,
			);
			path = "UIKit+AFNetworking";
			sourceTree = "<group>";
		};
		27D1F6B01E49734A00CE8636 /* Frameworks */ = {
			isa = PBXGroup;
			children = (
				2720E7F71E5ABBCF008D62B5 /* libc++.tbd */,
				2720E7F51E5ABB7F008D62B5 /* libbz2.tbd */,
				27D1F6B11E49734A00CE8636 /* libz.tbd */,
			);
			name = Frameworks;
			sourceTree = "<group>";
		};
		27D1F6B31E49739E00CE8636 /* ZNKPlayer */ = {
			isa = PBXGroup;
			children = (
				27D1F6B41E49739E00CE8636 /* ZNKBaseView.h */,
				27D1F6B51E49739E00CE8636 /* ZNKBaseView.m */,
				27D1F6B61E49739E00CE8636 /* ZNKPlayer.h */,
				27D1F6B71E49739E00CE8636 /* ZNKPlayer.m */,
				27D1F6C41E4974B100CE8636 /* ZNKHeader.h */,
			);
			path = ZNKPlayer;
			sourceTree = "<group>";
		};
		27D1F6B81E49739E00CE8636 /* ZNKSetting */ = {
			isa = PBXGroup;
			children = (
				27D1F6C51E49769400CE8636 /* ZNKControlView.h */,
				27D1F6C61E49769400CE8636 /* ZNKControlView.m */,
				272EE08B1E514C9A00D0AB0B /* ZNKKeyboardManager.h */,
				272EE08C1E514C9A00D0AB0B /* ZNKKeyboardManager.m */,
				27D1F6BB1E4973D600CE8636 /* ZNKBrightnessView.h */,
				27D1F6BC1E4973D600CE8636 /* ZNKBrightnessView.m */,
				27D1F6BE1E49740700CE8636 /* ZNKValuePopUpView.h */,
				27D1F6BF1E49740700CE8636 /* ZNKValuePopUpView.m */,
				27D1F6C11E49741E00CE8636 /* ZNKSlider.h */,
				27D1F6C21E49741E00CE8636 /* ZNKSlider.m */,
				27ACC3E71E4AA6640069B8E1 /* ZNKCustomView.h */,
				27ACC3E81E4AA6640069B8E1 /* ZNKCustomView.m */,
			);
			path = ZNKSetting;
			sourceTree = "<group>";
		};
/* End PBXGroup section */

/* Begin PBXNativeTarget section */
		2708E4931E45B2DC00B34944 /* ZNKPlayer */ = {
			isa = PBXNativeTarget;
			buildConfigurationList = 2708E4C11E45B2DC00B34944 /* Build configuration list for PBXNativeTarget "ZNKPlayer" */;
			buildPhases = (
				2708E4901E45B2DC00B34944 /* Sources */,
				2708E4911E45B2DC00B34944 /* Frameworks */,
				2708E4921E45B2DC00B34944 /* Resources */,
			);
			buildRules = (
			);
			dependencies = (
			);
			name = ZNKPlayer;
			productName = ZNKPlayer;
			productReference = 2708E4941E45B2DC00B34944 /* ZNKPlayer.app */;
			productType = "com.apple.product-type.application";
		};
		2708E4AC1E45B2DC00B34944 /* ZNKPlayerTests */ = {
			isa = PBXNativeTarget;
			buildConfigurationList = 2708E4C41E45B2DC00B34944 /* Build configuration list for PBXNativeTarget "ZNKPlayerTests" */;
			buildPhases = (
				2708E4A91E45B2DC00B34944 /* Sources */,
				2708E4AA1E45B2DC00B34944 /* Frameworks */,
				2708E4AB1E45B2DC00B34944 /* Resources */,
			);
			buildRules = (
			);
			dependencies = (
				2708E4AF1E45B2DC00B34944 /* PBXTargetDependency */,
			);
			name = ZNKPlayerTests;
			productName = ZNKPlayerTests;
			productReference = 2708E4AD1E45B2DC00B34944 /* ZNKPlayerTests.xctest */;
			productType = "com.apple.product-type.bundle.unit-test";
		};
		2708E4B71E45B2DC00B34944 /* ZNKPlayerUITests */ = {
			isa = PBXNativeTarget;
			buildConfigurationList = 2708E4C71E45B2DC00B34944 /* Build configuration list for PBXNativeTarget "ZNKPlayerUITests" */;
			buildPhases = (
				2708E4B41E45B2DC00B34944 /* Sources */,
				2708E4B51E45B2DC00B34944 /* Frameworks */,
				2708E4B61E45B2DC00B34944 /* Resources */,
			);
			buildRules = (
			);
			dependencies = (
				2708E4BA1E45B2DC00B34944 /* PBXTargetDependency */,
			);
			name = ZNKPlayerUITests;
			productName = ZNKPlayerUITests;
			productReference = 2708E4B81E45B2DC00B34944 /* ZNKPlayerUITests.xctest */;
			productType = "com.apple.product-type.bundle.ui-testing";
		};
/* End PBXNativeTarget section */

/* Begin PBXProject section */
		2708E48C1E45B2DC00B34944 /* Project object */ = {
			isa = PBXProject;
			attributes = {
				LastUpgradeCheck = 0820;
				ORGANIZATIONNAME = HM;
				TargetAttributes = {
					2708E4931E45B2DC00B34944 = {
						CreatedOnToolsVersion = 8.2.1;
						DevelopmentTeam = MA75X9QV5V;
						ProvisioningStyle = Automatic;
					};
					2708E4AC1E45B2DC00B34944 = {
						CreatedOnToolsVersion = 8.2.1;
						DevelopmentTeam = MA75X9QV5V;
						ProvisioningStyle = Automatic;
						TestTargetID = 2708E4931E45B2DC00B34944;
					};
					2708E4B71E45B2DC00B34944 = {
						CreatedOnToolsVersion = 8.2.1;
						DevelopmentTeam = MA75X9QV5V;
						ProvisioningStyle = Automatic;
						TestTargetID = 2708E4931E45B2DC00B34944;
					};
				};
			};
			buildConfigurationList = 2708E48F1E45B2DC00B34944 /* Build configuration list for PBXProject "ZNKPlayer" */;
			compatibilityVersion = "Xcode 3.2";
			developmentRegion = English;
			hasScannedForEncodings = 0;
			knownRegions = (
				en,
				Base,
			);
			mainGroup = 2708E48B1E45B2DC00B34944;
			productRefGroup = 2708E4951E45B2DC00B34944 /* Products */;
			projectDirPath = "";
			projectRoot = "";
			targets = (
				2708E4931E45B2DC00B34944 /* ZNKPlayer */,
				2708E4AC1E45B2DC00B34944 /* ZNKPlayerTests */,
				2708E4B71E45B2DC00B34944 /* ZNKPlayerUITests */,
			);
		};
/* End PBXProject section */

/* Begin PBXResourcesBuildPhase section */
		2708E4921E45B2DC00B34944 /* Resources */ = {
			isa = PBXResourcesBuildPhase;
			buildActionMask = 2147483647;
			files = (
				2708E5601E47FFCB00B34944 /* Info.plist in Resources */,
				2708E55F1E47FFCB00B34944 /* Main.storyboard in Resources */,
				2708E56F1E47FFCB00B34944 /* ZNKPlayer.bundle in Resources */,
				2708E55D1E47FFCB00B34944 /* Assets.xcassets in Resources */,
				2708E55E1E47FFCB00B34944 /* LaunchScreen.storyboard in Resources */,
				2708E5641E47FFCB00B34944 /* IJKMediaFramework.framework.zip in Resources */,
			);
			runOnlyForDeploymentPostprocessing = 0;
		};
		2708E4AB1E45B2DC00B34944 /* Resources */ = {
			isa = PBXResourcesBuildPhase;
			buildActionMask = 2147483647;
			files = (
			);
			runOnlyForDeploymentPostprocessing = 0;
		};
		2708E4B61E45B2DC00B34944 /* Resources */ = {
			isa = PBXResourcesBuildPhase;
			buildActionMask = 2147483647;
			files = (
			);
			runOnlyForDeploymentPostprocessing = 0;
		};
/* End PBXResourcesBuildPhase section */

/* Begin PBXSourcesBuildPhase section */
		2708E4901E45B2DC00B34944 /* Sources */ = {
			isa = PBXSourcesBuildPhase;
			buildActionMask = 2147483647;
			files = (
				2708E5621E47FFCB00B34944 /* ViewController.m in Sources */,
				2708E5661E47FFCB00B34944 /* NSLayoutConstraint+ZNKMASDebugAdditions.m in Sources */,
				2708E57B1E48066500B34944 /* ZNKNetworkListener.m in Sources */,
				2708E56D1E47FFCB00B34944 /* ZNKMASViewAttribute.m in Sources */,
				270D659C1E65037800736DE5 /* AFURLResponseSerialization.m in Sources */,
				270D65B31E65038300736DE5 /* AFAutoPurgingImageCache.m in Sources */,
				270D65BB1E65038300736DE5 /* UIWebView+AFNetworking.m in Sources */,
				27D1F6BA1E49739E00CE8636 /* ZNKPlayer.m in Sources */,
				2708E5651E47FFCB00B34944 /* NSArray+ZNKMASAdditions.m in Sources */,
				270D65BA1E65038300736DE5 /* UIRefreshControl+AFNetworking.m in Sources */,
				270D65B61E65038300736DE5 /* UIActivityIndicatorView+AFNetworking.m in Sources */,
				270D65981E65037800736DE5 /* AFHTTPSessionManager.m in Sources */,
				2708E5671E47FFCB00B34944 /* View+ZNKMASAdditions.m in Sources */,
				270D65B81E65038300736DE5 /* UIImageView+AFNetworking.m in Sources */,
				270D65B71E65038300736DE5 /* UIButton+AFNetworking.m in Sources */,
				2708E56C1E47FFCB00B34944 /* ZNKMASLayoutConstraint.m in Sources */,
				270D65B41E65038300736DE5 /* AFImageDownloader.m in Sources */,
				270D65851E6502CC00736DE5 /* HTTPEngine.m in Sources */,
				27ACC3E91E4AA6640069B8E1 /* ZNKCustomView.m in Sources */,
				270D659A1E65037800736DE5 /* AFSecurityPolicy.m in Sources */,
				270D65B91E65038300736DE5 /* UIProgressView+AFNetworking.m in Sources */,
				2708E5081E47F4A400B34944 /* (null) in Sources */,
				2708E5681E47FFCB00B34944 /* ViewController+ZNKMASAdditions.m in Sources */,
				2708E56B1E47FFCB00B34944 /* ZNKMASConstraintMaker.m in Sources */,
				2708E5611E47FFCB00B34944 /* main.m in Sources */,
				270D659D1E65037800736DE5 /* AFURLSessionManager.m in Sources */,
				27D1F6BD1E4973D600CE8636 /* ZNKBrightnessView.m in Sources */,
				27D1F6B91E49739E00CE8636 /* ZNKBaseView.m in Sources */,
				2708E57C1E48066500B34944 /* ZNKNetworkSpeed.m in Sources */,
				270D65891E65030600736DE5 /* XMLDictionary.m in Sources */,
				272EE08D1E514C9A00D0AB0B /* ZNKKeyboardManager.m in Sources */,
				2708E5691E47FFCB00B34944 /* ZNKMASCompositeConstraint.m in Sources */,
				27D1F6C31E49741E00CE8636 /* ZNKSlider.m in Sources */,
				270D659B1E65037800736DE5 /* AFURLRequestSerialization.m in Sources */,
				270D65991E65037800736DE5 /* AFNetworkReachabilityManager.m in Sources */,
				2708E55C1E47FFCB00B34944 /* AppDelegate.m in Sources */,
				270D657E1E6500FA00736DE5 /* VideoListViewController.m in Sources */,
				27D1F6C01E49740700CE8636 /* ZNKValuePopUpView.m in Sources */,
				2708E56E1E47FFCB00B34944 /* ZNKMASViewConstraint.m in Sources */,
				270D65B51E65038300736DE5 /* AFNetworkActivityIndicatorManager.m in Sources */,
				27D1F6C71E49769400CE8636 /* ZNKControlView.m in Sources */,
				2708E56A1E47FFCB00B34944 /* ZNKMASConstraint.m in Sources */,
				270D65811E65011A00736DE5 /* Video.m in Sources */,
			);
			runOnlyForDeploymentPostprocessing = 0;
		};
		2708E4A91E45B2DC00B34944 /* Sources */ = {
			isa = PBXSourcesBuildPhase;
			buildActionMask = 2147483647;
			files = (
				2708E4B21E45B2DC00B34944 /* ZNKPlayerTests.m in Sources */,
			);
			runOnlyForDeploymentPostprocessing = 0;
		};
		2708E4B41E45B2DC00B34944 /* Sources */ = {
			isa = PBXSourcesBuildPhase;
			buildActionMask = 2147483647;
			files = (
				2708E4BD1E45B2DC00B34944 /* ZNKPlayerUITests.m in Sources */,
			);
			runOnlyForDeploymentPostprocessing = 0;
		};
/* End PBXSourcesBuildPhase section */

/* Begin PBXTargetDependency section */
		2708E4AF1E45B2DC00B34944 /* PBXTargetDependency */ = {
			isa = PBXTargetDependency;
			target = 2708E4931E45B2DC00B34944 /* ZNKPlayer */;
			targetProxy = 2708E4AE1E45B2DC00B34944 /* PBXContainerItemProxy */;
		};
		2708E4BA1E45B2DC00B34944 /* PBXTargetDependency */ = {
			isa = PBXTargetDependency;
			target = 2708E4931E45B2DC00B34944 /* ZNKPlayer */;
			targetProxy = 2708E4B91E45B2DC00B34944 /* PBXContainerItemProxy */;
		};
/* End PBXTargetDependency section */

/* Begin PBXVariantGroup section */
		2708E52C1E47FFCB00B34944 /* LaunchScreen.storyboard */ = {
			isa = PBXVariantGroup;
			children = (
				2708E52D1E47FFCB00B34944 /* Base */,
			);
			name = LaunchScreen.storyboard;
			sourceTree = "<group>";
		};
		2708E52E1E47FFCB00B34944 /* Main.storyboard */ = {
			isa = PBXVariantGroup;
			children = (
				2708E52F1E47FFCB00B34944 /* Base */,
			);
			name = Main.storyboard;
			sourceTree = "<group>";
		};
/* End PBXVariantGroup section */

/* Begin XCBuildConfiguration section */
		2708E4BF1E45B2DC00B34944 /* Debug */ = {
			isa = XCBuildConfiguration;
			buildSettings = {
				ALWAYS_SEARCH_USER_PATHS = NO;
				CLANG_ANALYZER_NONNULL = YES;
				CLANG_CXX_LANGUAGE_STANDARD = "gnu++0x";
				CLANG_CXX_LIBRARY = "libc++";
				CLANG_ENABLE_MODULES = YES;
				CLANG_ENABLE_OBJC_ARC = YES;
				CLANG_WARN_BOOL_CONVERSION = YES;
				CLANG_WARN_CONSTANT_CONVERSION = YES;
				CLANG_WARN_DIRECT_OBJC_ISA_USAGE = YES_ERROR;
				CLANG_WARN_DOCUMENTATION_COMMENTS = YES;
				CLANG_WARN_EMPTY_BODY = YES;
				CLANG_WARN_ENUM_CONVERSION = YES;
				CLANG_WARN_INFINITE_RECURSION = YES;
				CLANG_WARN_INT_CONVERSION = YES;
				CLANG_WARN_OBJC_ROOT_CLASS = YES_ERROR;
				CLANG_WARN_SUSPICIOUS_MOVE = YES;
				CLANG_WARN_UNREACHABLE_CODE = YES;
				CLANG_WARN__DUPLICATE_METHOD_MATCH = YES;
				"CODE_SIGN_IDENTITY[sdk=iphoneos*]" = "iPhone Developer";
				COPY_PHASE_STRIP = NO;
				DEBUG_INFORMATION_FORMAT = dwarf;
				ENABLE_STRICT_OBJC_MSGSEND = YES;
				ENABLE_TESTABILITY = YES;
				GCC_C_LANGUAGE_STANDARD = gnu99;
				GCC_DYNAMIC_NO_PIC = NO;
				GCC_NO_COMMON_BLOCKS = YES;
				GCC_OPTIMIZATION_LEVEL = 0;
				GCC_PREPROCESSOR_DEFINITIONS = (
					"DEBUG=1",
					"$(inherited)",
				);
				GCC_WARN_64_TO_32_BIT_CONVERSION = YES;
				GCC_WARN_ABOUT_RETURN_TYPE = YES_ERROR;
				GCC_WARN_UNDECLARED_SELECTOR = YES;
				GCC_WARN_UNINITIALIZED_AUTOS = YES_AGGRESSIVE;
				GCC_WARN_UNUSED_FUNCTION = YES;
				GCC_WARN_UNUSED_VARIABLE = YES;
				IPHONEOS_DEPLOYMENT_TARGET = 10.2;
				MTL_ENABLE_DEBUG_INFO = YES;
				ONLY_ACTIVE_ARCH = YES;
				SDKROOT = iphoneos;
			};
			name = Debug;
		};
		2708E4C01E45B2DC00B34944 /* Release */ = {
			isa = XCBuildConfiguration;
			buildSettings = {
				ALWAYS_SEARCH_USER_PATHS = NO;
				CLANG_ANALYZER_NONNULL = YES;
				CLANG_CXX_LANGUAGE_STANDARD = "gnu++0x";
				CLANG_CXX_LIBRARY = "libc++";
				CLANG_ENABLE_MODULES = YES;
				CLANG_ENABLE_OBJC_ARC = YES;
				CLANG_WARN_BOOL_CONVERSION = YES;
				CLANG_WARN_CONSTANT_CONVERSION = YES;
				CLANG_WARN_DIRECT_OBJC_ISA_USAGE = YES_ERROR;
				CLANG_WARN_DOCUMENTATION_COMMENTS = YES;
				CLANG_WARN_EMPTY_BODY = YES;
				CLANG_WARN_ENUM_CONVERSION = YES;
				CLANG_WARN_INFINITE_RECURSION = YES;
				CLANG_WARN_INT_CONVERSION = YES;
				CLANG_WARN_OBJC_ROOT_CLASS = YES_ERROR;
				CLANG_WARN_SUSPICIOUS_MOVE = YES;
				CLANG_WARN_UNREACHABLE_CODE = YES;
				CLANG_WARN__DUPLICATE_METHOD_MATCH = YES;
				"CODE_SIGN_IDENTITY[sdk=iphoneos*]" = "iPhone Developer";
				COPY_PHASE_STRIP = NO;
				DEBUG_INFORMATION_FORMAT = "dwarf-with-dsym";
				ENABLE_NS_ASSERTIONS = NO;
				ENABLE_STRICT_OBJC_MSGSEND = YES;
				GCC_C_LANGUAGE_STANDARD = gnu99;
				GCC_NO_COMMON_BLOCKS = YES;
				GCC_WARN_64_TO_32_BIT_CONVERSION = YES;
				GCC_WARN_ABOUT_RETURN_TYPE = YES_ERROR;
				GCC_WARN_UNDECLARED_SELECTOR = YES;
				GCC_WARN_UNINITIALIZED_AUTOS = YES_AGGRESSIVE;
				GCC_WARN_UNUSED_FUNCTION = YES;
				GCC_WARN_UNUSED_VARIABLE = YES;
				IPHONEOS_DEPLOYMENT_TARGET = 10.2;
				MTL_ENABLE_DEBUG_INFO = NO;
				SDKROOT = iphoneos;
				VALIDATE_PRODUCT = YES;
			};
			name = Release;
		};
		2708E4C21E45B2DC00B34944 /* Debug */ = {
			isa = XCBuildConfiguration;
			buildSettings = {
				ASSETCATALOG_COMPILER_APPICON_NAME = AppIcon;
				DEVELOPMENT_TEAM = MA75X9QV5V;
				FRAMEWORK_SEARCH_PATHS = (
					"$(inherited)",
					"$(PROJECT_DIR)/ZNKPlayer/ZNKPlayerFramework",
				);
				INFOPLIST_FILE = ZNKPlayer/Info.plist;
				IPHONEOS_DEPLOYMENT_TARGET = 8.0;
				LD_RUNPATH_SEARCH_PATHS = "$(inherited) @executable_path/Frameworks";
				PRODUCT_BUNDLE_IDENTIFIER = com.HM.ZNKPlayer;
				PRODUCT_NAME = "$(TARGET_NAME)";
			};
			name = Debug;
		};
		2708E4C31E45B2DC00B34944 /* Release */ = {
			isa = XCBuildConfiguration;
			buildSettings = {
				ASSETCATALOG_COMPILER_APPICON_NAME = AppIcon;
				DEVELOPMENT_TEAM = MA75X9QV5V;
				FRAMEWORK_SEARCH_PATHS = (
					"$(inherited)",
					"$(PROJECT_DIR)/ZNKPlayer/ZNKPlayerFramework",
				);
				INFOPLIST_FILE = ZNKPlayer/Info.plist;
				IPHONEOS_DEPLOYMENT_TARGET = 8.0;
				LD_RUNPATH_SEARCH_PATHS = "$(inherited) @executable_path/Frameworks";
				PRODUCT_BUNDLE_IDENTIFIER = com.HM.ZNKPlayer;
				PRODUCT_NAME = "$(TARGET_NAME)";
			};
			name = Release;
		};
		2708E4C51E45B2DC00B34944 /* Debug */ = {
			isa = XCBuildConfiguration;
			buildSettings = {
				BUNDLE_LOADER = "$(TEST_HOST)";
				DEVELOPMENT_TEAM = MA75X9QV5V;
				INFOPLIST_FILE = ZNKPlayerTests/Info.plist;
				LD_RUNPATH_SEARCH_PATHS = "$(inherited) @executable_path/Frameworks @loader_path/Frameworks";
				PRODUCT_BUNDLE_IDENTIFIER = com.HM.ZNKPlayerTests;
				PRODUCT_NAME = "$(TARGET_NAME)";
				TEST_HOST = "$(BUILT_PRODUCTS_DIR)/ZNKPlayer.app/ZNKPlayer";
			};
			name = Debug;
		};
		2708E4C61E45B2DC00B34944 /* Release */ = {
			isa = XCBuildConfiguration;
			buildSettings = {
				BUNDLE_LOADER = "$(TEST_HOST)";
				DEVELOPMENT_TEAM = MA75X9QV5V;
				INFOPLIST_FILE = ZNKPlayerTests/Info.plist;
				LD_RUNPATH_SEARCH_PATHS = "$(inherited) @executable_path/Frameworks @loader_path/Frameworks";
				PRODUCT_BUNDLE_IDENTIFIER = com.HM.ZNKPlayerTests;
				PRODUCT_NAME = "$(TARGET_NAME)";
				TEST_HOST = "$(BUILT_PRODUCTS_DIR)/ZNKPlayer.app/ZNKPlayer";
			};
			name = Release;
		};
		2708E4C81E45B2DC00B34944 /* Debug */ = {
			isa = XCBuildConfiguration;
			buildSettings = {
				DEVELOPMENT_TEAM = MA75X9QV5V;
				INFOPLIST_FILE = ZNKPlayerUITests/Info.plist;
				LD_RUNPATH_SEARCH_PATHS = "$(inherited) @executable_path/Frameworks @loader_path/Frameworks";
				PRODUCT_BUNDLE_IDENTIFIER = com.HM.ZNKPlayerUITests;
				PRODUCT_NAME = "$(TARGET_NAME)";
				TEST_TARGET_NAME = ZNKPlayer;
			};
			name = Debug;
		};
		2708E4C91E45B2DC00B34944 /* Release */ = {
			isa = XCBuildConfiguration;
			buildSettings = {
				DEVELOPMENT_TEAM = MA75X9QV5V;
				INFOPLIST_FILE = ZNKPlayerUITests/Info.plist;
				LD_RUNPATH_SEARCH_PATHS = "$(inherited) @executable_path/Frameworks @loader_path/Frameworks";
				PRODUCT_BUNDLE_IDENTIFIER = com.HM.ZNKPlayerUITests;
				PRODUCT_NAME = "$(TARGET_NAME)";
				TEST_TARGET_NAME = ZNKPlayer;
			};
			name = Release;
		};
/* End XCBuildConfiguration section */

/* Begin XCConfigurationList section */
		2708E48F1E45B2DC00B34944 /* Build configuration list for PBXProject "ZNKPlayer" */ = {
			isa = XCConfigurationList;
			buildConfigurations = (
				2708E4BF1E45B2DC00B34944 /* Debug */,
				2708E4C01E45B2DC00B34944 /* Release */,
			);
			defaultConfigurationIsVisible = 0;
			defaultConfigurationName = Release;
		};
		2708E4C11E45B2DC00B34944 /* Build configuration list for PBXNativeTarget "ZNKPlayer" */ = {
			isa = XCConfigurationList;
			buildConfigurations = (
				2708E4C21E45B2DC00B34944 /* Debug */,
				2708E4C31E45B2DC00B34944 /* Release */,
			);
			defaultConfigurationIsVisible = 0;
			defaultConfigurationName = Release;
		};
		2708E4C41E45B2DC00B34944 /* Build configuration list for PBXNativeTarget "ZNKPlayerTests" */ = {
			isa = XCConfigurationList;
			buildConfigurations = (
				2708E4C51E45B2DC00B34944 /* Debug */,
				2708E4C61E45B2DC00B34944 /* Release */,
			);
			defaultConfigurationIsVisible = 0;
			defaultConfigurationName = Release;
		};
		2708E4C71E45B2DC00B34944 /* Build configuration list for PBXNativeTarget "ZNKPlayerUITests" */ = {
			isa = XCConfigurationList;
			buildConfigurations = (
				2708E4C81E45B2DC00B34944 /* Debug */,
				2708E4C91E45B2DC00B34944 /* Release */,
			);
			defaultConfigurationIsVisible = 0;
			defaultConfigurationName = Release;
		};
/* End XCConfigurationList section */
	};
	rootObject = 2708E48C1E45B2DC00B34944 /* Project object */;
}
